
Microsoft Visual Studio Solution File, Format Version 12.00
Project("{FAE04EC0-301F-11D3-BF4B-00C04F79EFBC}") = "StreamerBotAddons", "StreamerBotAddons\StreamerBotAddons.csproj", "{3E9D6759-F7E3-4DE8-9D3A-4F54E7BBEBE7}"
EndProject
Global
	GlobalSection(SolutionConfigurationPlatforms) = preSolution
		Debug|Any CPU = Debug|Any CPU
		Release|Any CPU = Release|Any CPU
	EndGlobalSection
	GlobalSection(ProjectConfigurationPlatforms) = postSolution
		{3E9D6759-F7E3-4DE8-9D3A-4F54E7BBEBE7}.Debug|Any CPU.ActiveCfg = Debug|Any CPU
		{3E9D6759-F7E3-4DE8-9D3A-4F54E7BBEBE7}.Debug|Any CPU.Build.0 = Debug|Any CPU
		{3E9D6759-F7E3-4DE8-9D3A-4F54E7BBEBE7}.Release|Any CPU.ActiveCfg = Release|Any CPU
		{3E9D6759-F7E3-4DE8-9D3A-4F54E7BBEBE7}.Release|Any CPU.Build.0 = Release|Any CPU
	EndGlobalSection
EndGlobal
